// !$*UTF8*$!
{
	archiveVersion = 1;
	classes = {
	};
	objectVersion = 50;
	objects = {

/* Begin PBXBuildFile section */
		4F0193E807D3BEC738DE3B93 /* Pods_Swifty_Companion.framework in Frameworks */ = {isa = PBXBuildFile; fileRef = 21C280902911AA244F2050BE /* Pods_Swifty_Companion.framework */; };
		E502C9A32178670B007CF4BF /* AppDelegate.swift in Sources */ = {isa = PBXBuildFile; fileRef = E502C9A22178670B007CF4BF /* AppDelegate.swift */; };
		E502C9A52178670B007CF4BF /* ViewController.swift in Sources */ = {isa = PBXBuildFile; fileRef = E502C9A42178670B007CF4BF /* ViewController.swift */; };
		E502C9A82178670B007CF4BF /* Main.storyboard in Resources */ = {isa = PBXBuildFile; fileRef = E502C9A62178670B007CF4BF /* Main.storyboard */; };
		E502C9AB2178670B007CF4BF /* Swifty_Companion.xcdatamodeld in Sources */ = {isa = PBXBuildFile; fileRef = E502C9A92178670B007CF4BF /* Swifty_Companion.xcdatamodeld */; };
		E502C9AD2178670D007CF4BF /* Assets.xcassets in Resources */ = {isa = PBXBuildFile; fileRef = E502C9AC2178670D007CF4BF /* Assets.xcassets */; };
		E502C9B02178670D007CF4BF /* LaunchScreen.storyboard in Resources */ = {isa = PBXBuildFile; fileRef = E502C9AE2178670D007CF4BF /* LaunchScreen.storyboard */; };
		E5A2F1D9217898E6004F582B /* TokenGetter.swift in Sources */ = {isa = PBXBuildFile; fileRef = E5A2F1D8217898E6004F582B /* TokenGetter.swift */; };
/* End PBXBuildFile section */

/* Begin PBXFileReference section */
		120BF5DC2E25EA0932B11908 /* Pods-Swifty_Companion.release.xcconfig */ = {isa = PBXFileReference; includeInIndex = 1; lastKnownFileType = text.xcconfig; name = "Pods-Swifty_Companion.release.xcconfig"; path = "Pods/Target Support Files/Pods-Swifty_Companion/Pods-Swifty_Companion.release.xcconfig"; sourceTree = "<group>"; };
		21C280902911AA244F2050BE /* Pods_Swifty_Companion.framework */ = {isa = PBXFileReference; explicitFileType = wrapper.framework; includeInIndex = 0; path = Pods_Swifty_Companion.framework; sourceTree = BUILT_PRODUCTS_DIR; };
		5C505F8166B95ADD3CD7E4A0 /* Pods-Swifty_Companion.debug.xcconfig */ = {isa = PBXFileReference; includeInIndex = 1; lastKnownFileType = text.xcconfig; name = "Pods-Swifty_Companion.debug.xcconfig"; path = "Pods/Target Support Files/Pods-Swifty_Companion/Pods-Swifty_Companion.debug.xcconfig"; sourceTree = "<group>"; };
		E502C99F2178670B007CF4BF /* Swifty_Companion.app */ = {isa = PBXFileReference; explicitFileType = wrapper.application; includeInIndex = 0; path = Swifty_Companion.app; sourceTree = BUILT_PRODUCTS_DIR; };
		E502C9A22178670B007CF4BF /* AppDelegate.swift */ = {isa = PBXFileReference; lastKnownFileType = sourcecode.swift; path = AppDelegate.swift; sourceTree = "<group>"; };
		E502C9A42178670B007CF4BF /* ViewController.swift */ = {isa = PBXFileReference; lastKnownFileType = sourcecode.swift; path = ViewController.swift; sourceTree = "<group>"; };
		E502C9A72178670B007CF4BF /* Base */ = {isa = PBXFileReference; lastKnownFileType = file.storyboard; name = Base; path = Base.lproj/Main.storyboard; sourceTree = "<group>"; };
		E502C9AA2178670B007CF4BF /* Swifty_Companion.xcdatamodel */ = {isa = PBXFileReference; lastKnownFileType = wrapper.xcdatamodel; path = Swifty_Companion.xcdatamodel; sourceTree = "<group>"; };
		E502C9AC2178670D007CF4BF /* Assets.xcassets */ = {isa = PBXFileReference; lastKnownFileType = folder.assetcatalog; path = Assets.xcassets; sourceTree = "<group>"; };
		E502C9AF2178670D007CF4BF /* Base */ = {isa = PBXFileReference; lastKnownFileType = file.storyboard; name = Base; path = Base.lproj/LaunchScreen.storyboard; sourceTree = "<group>"; };
		E502C9B12178670D007CF4BF /* Info.plist */ = {isa = PBXFileReference; lastKnownFileType = text.plist.xml; path = Info.plist; sourceTree = "<group>"; };
		E5A2F1D8217898E6004F582B /* TokenGetter.swift */ = {isa = PBXFileReference; lastKnownFileType = sourcecode.swift; path = TokenGetter.swift; sourceTree = "<group>"; };
/* End PBXFileReference section */

/* Begin PBXFrameworksBuildPhase section */
		E502C99C2178670B007CF4BF /* Frameworks */ = {
			isa = PBXFrameworksBuildPhase;
			buildActionMask = 2147483647;
			files = (
				4F0193E807D3BEC738DE3B93 /* Pods_Swifty_Companion.framework in Frameworks */,
			);
			runOnlyForDeploymentPostprocessing = 0;
		};
/* End PBXFrameworksBuildPhase section */

/* Begin PBXGroup section */
		035E2FB6A4C4AAE5A1C3EF32 /* Pods */ = {
			isa = PBXGroup;
			children = (
				5C505F8166B95ADD3CD7E4A0 /* Pods-Swifty_Companion.debug.xcconfig */,
				120BF5DC2E25EA0932B11908 /* Pods-Swifty_Companion.release.xcconfig */,
			);
			name = Pods;
			sourceTree = "<group>";
		};
		8A5BC43670D58D62F3EFD509 /* Frameworks */ = {
			isa = PBXGroup;
			children = (
				21C280902911AA244F2050BE /* Pods_Swifty_Companion.framework */,
			);
			name = Frameworks;
			sourceTree = "<group>";
		};
		E502C9962178670B007CF4BF = {
			isa = PBXGroup;
			children = (
				E502C9A12178670B007CF4BF /* Swifty_Companion */,
				E502C9A02178670B007CF4BF /* Products */,
				035E2FB6A4C4AAE5A1C3EF32 /* Pods */,
				8A5BC43670D58D62F3EFD509 /* Frameworks */,
			);
			sourceTree = "<group>";
		};
		E502C9A02178670B007CF4BF /* Products */ = {
			isa = PBXGroup;
			children = (
				E502C99F2178670B007CF4BF /* Swifty_Companion.app */,
			);
			name = Products;
			sourceTree = "<group>";
		};
		E502C9A12178670B007CF4BF /* Swifty_Companion */ = {
			isa = PBXGroup;
			children = (
				E502C9A22178670B007CF4BF /* AppDelegate.swift */,
				E502C9A42178670B007CF4BF /* ViewController.swift */,
				E5A2F1D8217898E6004F582B /* TokenGetter.swift */,
				E502C9A62178670B007CF4BF /* Main.storyboard */,
				E502C9AC2178670D007CF4BF /* Assets.xcassets */,
				E502C9AE2178670D007CF4BF /* LaunchScreen.storyboard */,
				E502C9B12178670D007CF4BF /* Info.plist */,
				E502C9A92178670B007CF4BF /* Swifty_Companion.xcdatamodeld */,
			);
			path = Swifty_Companion;
			sourceTree = "<group>";
		};
/* End PBXGroup section */

/* Begin PBXNativeTarget section */
		E502C99E2178670B007CF4BF /* Swifty_Companion */ = {
			isa = PBXNativeTarget;
			buildConfigurationList = E502C9B42178670D007CF4BF /* Build configuration list for PBXNativeTarget "Swifty_Companion" */;
			buildPhases = (
				3AD1E64A49A4090DE0B5BF42 /* [CP] Check Pods Manifest.lock */,
				E502C99B2178670B007CF4BF /* Sources */,
				E502C99C2178670B007CF4BF /* Frameworks */,
				E502C99D2178670B007CF4BF /* Resources */,
				F3E8881F181C2F929C17E9EB /* [CP] Embed Pods Frameworks */,
			);
			buildRules = (
			);
			dependencies = (
			);
			name = Swifty_Companion;
			productName = Swifty_Companion;
			productReference = E502C99F2178670B007CF4BF /* Swifty_Companion.app */;
			productType = "com.apple.product-type.application";
		};
/* End PBXNativeTarget section */

/* Begin PBXProject section */
		E502C9972178670B007CF4BF /* Project object */ = {
			isa = PBXProject;
			attributes = {
				LastSwiftUpdateCheck = 0940;
				LastUpgradeCheck = 0940;
				ORGANIZATIONNAME = "Lehlohonolo MASHIYANE";
				TargetAttributes = {
					E502C99E2178670B007CF4BF = {
						CreatedOnToolsVersion = 9.4.1;
					};
				};
			};
			buildConfigurationList = E502C99A2178670B007CF4BF /* Build configuration list for PBXProject "Swifty_Companion" */;
			compatibilityVersion = "Xcode 9.3";
			developmentRegion = en;
			hasScannedForEncodings = 0;
			knownRegions = (
				en,
				Base,
			);
			mainGroup = E502C9962178670B007CF4BF;
			productRefGroup = E502C9A02178670B007CF4BF /* Products */;
			projectDirPath = "";
			projectRoot = "";
			targets = (
				E502C99E2178670B007CF4BF /* Swifty_Companion */,
			);
		};
/* End PBXProject section */

/* Begin PBXResourcesBuildPhase section */
		E502C99D2178670B007CF4BF /* Resources */ = {
			isa = PBXResourcesBuildPhase;
			buildActionMask = 2147483647;
			files = (
				E502C9B02178670D007CF4BF /* LaunchScreen.storyboard in Resources */,
				E502C9AD2178670D007CF4BF /* Assets.xcassets in Resources */,
				E502C9A82178670B007CF4BF /* Main.storyboard in Resources */,
			);
			runOnlyForDeploymentPostprocessing = 0;
		};
/* End PBXResourcesBuildPhase section */

/* Begin PBXShellScriptBuildPhase section */
		3AD1E64A49A4090DE0B5BF42 /* [CP] Check Pods Manifest.lock */ = {
			isa = PBXShellScriptBuildPhase;
			buildActionMask = 2147483647;
			files = (
			);
			inputPaths = (
				"${PODS_PODFILE_DIR_PATH}/Podfile.lock",
				"${PODS_ROOT}/Manifest.lock",
			);
			name = "[CP] Check Pods Manifest.lock";
			outputPaths = (
				"$(DERIVED_FILE_DIR)/Pods-Swifty_Companion-checkManifestLockResult.txt",
			);
			runOnlyForDeploymentPostprocessing = 0;
			shellPath = /bin/sh;
			shellScript = "diff \"${PODS_PODFILE_DIR_PATH}/Podfile.lock\" \"${PODS_ROOT}/Manifest.lock\" > /dev/null\nif [ $? != 0 ] ; then\n    # print error to STDERR\n    echo \"error: The sandbox is not in sync with the Podfile.lock. Run 'pod install' or update your CocoaPods installation.\" >&2\n    exit 1\nfi\n# This output is used by Xcode 'outputs' to avoid re-running this script phase.\necho \"SUCCESS\" > \"${SCRIPT_OUTPUT_FILE_0}\"\n";
			showEnvVarsInLog = 0;
		};
		F3E8881F181C2F929C17E9EB /* [CP] Embed Pods Frameworks */ = {
			isa = PBXShellScriptBuildPhase;
			buildActionMask = 2147483647;
			files = (
			);
			inputPaths = (
				"${SRCROOT}/Pods/Target Support Files/Pods-Swifty_Companion/Pods-Swifty_Companion-frameworks.sh",
				"${BUILT_PRODUCTS_DIR}/Alamofire/Alamofire.framework",
				"${BUILT_PRODUCTS_DIR}/SwiftyJSON/SwiftyJSON.framework",
			);
			name = "[CP] Embed Pods Frameworks";
			outputPaths = (
				"${TARGET_BUILD_DIR}/${FRAMEWORKS_FOLDER_PATH}/Alamofire.framework",
				"${TARGET_BUILD_DIR}/${FRAMEWORKS_FOLDER_PATH}/SwiftyJSON.framework",
			);
			runOnlyForDeploymentPostprocessing = 0;
			shellPath = /bin/sh;
			shellScript = "\"${SRCROOT}/Pods/Target Support Files/Pods-Swifty_Companion/Pods-Swifty_Companion-frameworks.sh\"\n";
			showEnvVarsInLog = 0;
		};
/* End PBXShellScriptBuildPhase section */

/* Begin PBXSourcesBuildPhase section */
		E502C99B2178670B007CF4BF /* Sources */ = {
			isa = PBXSourcesBuildPhase;
			buildActionMask = 2147483647;
			files = (
				E5A2F1D9217898E6004F582B /* TokenGetter.swift in Sources */,
				E502C9AB2178670B007CF4BF /* Swifty_Companion.xcdatamodeld in Sources */,
				E502C9A52178670B007CF4BF /* ViewController.swift in Sources */,
				E502C9A32178670B007CF4BF /* AppDelegate.swift in Sources */,
			);
			runOnlyForDeploymentPostprocessing = 0;
		};
/* End PBXSourcesBuildPhase section */

/* Begin PBXVariantGroup section */
		E502C9A62178670B007CF4BF /* Main.storyboard */ = {
			isa = PBXVariantGroup;
			children = (
				E502C9A72178670B007CF4BF /* Base */,
			);
			name = Main.storyboard;
			sourceTree = "<group>";
		};
		E502C9AE2178670D007CF4BF /* LaunchScreen.storyboard */ = {
			isa = PBXVariantGroup;
			children = (
				E502C9AF2178670D007CF4BF /* Base */,
			);
			name = LaunchScreen.storyboard;
			sourceTree = "<group>";
		};
/* End PBXVariantGroup section */

/* Begin XCBuildConfiguration section */
		E502C9B22178670D007CF4BF /* Debug */ = {
			isa = XCBuildConfiguration;
			buildSettings = {
				ALWAYS_SEARCH_USER_PATHS = NO;
				CLANG_ANALYZER_NONNULL = YES;
				CLANG_ANALYZER_NUMBER_OBJECT_CONVERSION = YES_AGGRESSIVE;
				CLANG_CXX_LANGUAGE_STANDARD = "gnu++14";
				CLANG_CXX_LIBRARY = "libc++";
				CLANG_ENABLE_MODULES = YES;
				CLANG_ENABLE_OBJC_ARC = YES;
				CLANG_ENABLE_OBJC_WEAK = YES;
				CLANG_WARN_BLOCK_CAPTURE_AUTORELEASING = YES;
				CLANG_WARN_BOOL_CONVERSION = YES;
				CLANG_WARN_COMMA = YES;
				CLANG_WARN_CONSTANT_CONVERSION = YES;
				CLANG_WARN_DEPRECATED_OBJC_IMPLEMENTATIONS = YES;
				CLANG_WARN_DIRECT_OBJC_ISA_USAGE = YES_ERROR;
				CLANG_WARN_DOCUMENTATION_COMMENTS = YES;
				CLANG_WARN_EMPTY_BODY = YES;
				CLANG_WARN_ENUM_CONVERSION = YES;
				CLANG_WARN_INFINITE_RECURSION = YES;
				CLANG_WARN_INT_CONVERSION = YES;
				CLANG_WARN_NON_LITERAL_NULL_CONVERSION = YES;
				CLANG_WARN_OBJC_IMPLICIT_RETAIN_SELF = YES;
				CLANG_WARN_OBJC_LITERAL_CONVERSION = YES;
				CLANG_WARN_OBJC_ROOT_CLASS = YES_ERROR;
				CLANG_WARN_RANGE_LOOP_ANALYSIS = YES;
				CLANG_WARN_STRICT_PROTOTYPES = YES;
				CLANG_WARN_SUSPICIOUS_MOVE = YES;
				CLANG_WARN_UNGUARDED_AVAILABILITY = YES_AGGRESSIVE;
				CLANG_WARN_UNREACHABLE_CODE = YES;
				CLANG_WARN__DUPLICATE_METHOD_MATCH = YES;
				CODE_SIGN_IDENTITY = "iPhone Developer";
				COPY_PHASE_STRIP = NO;
				DEBUG_INFORMATION_FORMAT = dwarf;
				ENABLE_STRICT_OBJC_MSGSEND = YES;
				ENABLE_TESTABILITY = YES;
				GCC_C_LANGUAGE_STANDARD = gnu11;
				GCC_DYNAMIC_NO_PIC = NO;
				GCC_NO_COMMON_BLOCKS = YES;
				GCC_OPTIMIZATION_LEVEL = 0;
				GCC_PREPROCESSOR_DEFINITIONS = (
					"DEBUG=1",
					"$(inherited)",
				);
				GCC_WARN_64_TO_32_BIT_CONVERSION = YES;
				GCC_WARN_ABOUT_RETURN_TYPE = YES_ERROR;
				GCC_WARN_UNDECLARED_SELECTOR = YES;
				GCC_WARN_UNINITIALIZED_AUTOS = YES_AGGRESSIVE;
				GCC_WARN_UNUSED_FUNCTION = YES;
				GCC_WARN_UNUSED_VARIABLE = YES;
				IPHONEOS_DEPLOYMENT_TARGET = 11.4;
				MTL_ENABLE_DEBUG_INFO = YES;
				ONLY_ACTIVE_ARCH = YES;
				SDKROOT = iphoneos;
				SWIFT_ACTIVE_COMPILATION_CONDITIONS = DEBUG;
				SWIFT_OPTIMIZATION_LEVEL = "-Onone";
			};
			name = Debug;
		};
		E502C9B32178670D007CF4BF /* Release */ = {
			isa = XCBuildConfiguration;
			buildSettings = {
				ALWAYS_SEARCH_USER_PATHS = NO;
				CLANG_ANALYZER_NONNULL = YES;
				CLANG_ANALYZER_NUMBER_OBJECT_CONVERSION = YES_AGGRESSIVE;
				CLANG_CXX_LANGUAGE_STANDARD = "gnu++14";
				CLANG_CXX_LIBRARY = "libc++";
				CLANG_ENABLE_MODULES = YES;
				CLANG_ENABLE_OBJC_ARC = YES;
				CLANG_ENABLE_OBJC_WEAK = YES;
				CLANG_WARN_BLOCK_CAPTURE_AUTORELEASING = YES;
				CLANG_WARN_BOOL_CONVERSION = YES;
				CLANG_WARN_COMMA = YES;
				CLANG_WARN_CONSTANT_CONVERSION = YES;
				CLANG_WARN_DEPRECATED_OBJC_IMPLEMENTATIONS = YES;
				CLANG_WARN_DIRECT_OBJC_ISA_USAGE = YES_ERROR;
				CLANG_WARN_DOCUMENTATION_COMMENTS = YES;
				CLANG_WARN_EMPTY_BODY = YES;
				CLANG_WARN_ENUM_CONVERSION = YES;
				CLANG_WARN_INFINITE_RECURSION = YES;
				CLANG_WARN_INT_CONVERSION = YES;
				CLANG_WARN_NON_LITERAL_NULL_CONVERSION = YES;
				CLANG_WARN_OBJC_IMPLICIT_RETAIN_SELF = YES;
				CLANG_WARN_OBJC_LITERAL_CONVERSION = YES;
				CLANG_WARN_OBJC_ROOT_CLASS = YES_ERROR;
				CLANG_WARN_RANGE_LOOP_ANALYSIS = YES;
				CLANG_WARN_STRICT_PROTOTYPES = YES;
				CLANG_WARN_SUSPICIOUS_MOVE = YES;
				CLANG_WARN_UNGUARDED_AVAILABILITY = YES_AGGRESSIVE;
				CLANG_WARN_UNREACHABLE_CODE = YES;
				CLANG_WARN__DUPLICATE_METHOD_MATCH = YES;
				CODE_SIGN_IDENTITY = "iPhone Developer";
				COPY_PHASE_STRIP = NO;
				DEBUG_INFORMATION_FORMAT = "dwarf-with-dsym";
				ENABLE_NS_ASSERTIONS = NO;
				ENABLE_STRICT_OBJC_MSGSEND = YES;
				GCC_C_LANGUAGE_STANDARD = gnu11;
				GCC_NO_COMMON_BLOCKS = YES;
				GCC_WARN_64_TO_32_BIT_CONVERSION = YES;
				GCC_WARN_ABOUT_RETURN_TYPE = YES_ERROR;
				GCC_WARN_UNDECLARED_SELECTOR = YES;
				GCC_WARN_UNINITIALIZED_AUTOS = YES_AGGRESSIVE;
				GCC_WARN_UNUSED_FUNCTION = YES;
				GCC_WARN_UNUSED_VARIABLE = YES;
				IPHONEOS_DEPLOYMENT_TARGET = 11.4;
				MTL_ENABLE_DEBUG_INFO = NO;
				SDKROOT = iphoneos;
				SWIFT_COMPILATION_MODE = wholemodule;
				SWIFT_OPTIMIZATION_LEVEL = "-O";
				VALIDATE_PRODUCT = YES;
			};
			name = Release;
		};
		E502C9B52178670D007CF4BF /* Debug */ = {
			isa = XCBuildConfiguration;
			baseConfigurationReference = 5C505F8166B95ADD3CD7E4A0 /* Pods-Swifty_Companion.debug.xcconfig */;
			buildSettings = {
				ASSETCATALOG_COMPILER_APPICON_NAME = AppIcon;
				CODE_SIGN_STYLE = Automatic;
				INFOPLIST_FILE = Swifty_Companion/Info.plist;
				LD_RUNPATH_SEARCH_PATHS = (
					"$(inherited)",
					"@executable_path/Frameworks",
				);
				PRODUCT_BUNDLE_IDENTIFIER = "lmashiya.Swifty-Companion";
				PRODUCT_NAME = "$(TARGET_NAME)";
				SWIFT_VERSION = 4.0;
				TARGETED_DEVICE_FAMILY = "1,2";
			};
			name = Debug;
		};
		E502C9B62178670D007CF4BF /* Release */ = {
			isa = XCBuildConfiguration;
			baseConfigurationReference = 120BF5DC2E25EA0932B11908 /* Pods-Swifty_Companion.release.xcconfig */;
			buildSettings = {
				ASSETCATALOG_COMPILER_APPICON_NAME = AppIcon;
				CODE_SIGN_STYLE = Automatic;
				INFOPLIST_FILE = Swifty_Companion/Info.plist;
				LD_RUNPATH_SEARCH_PATHS = (
					"$(inherited)",
					"@executable_path/Frameworks",
				);
				PRODUCT_BUNDLE_IDENTIFIER = "lmashiya.Swifty-Companion";
				PRODUCT_NAME = "$(TARGET_NAME)";
				SWIFT_VERSION = 4.0;
				TARGETED_DEVICE_FAMILY = "1,2";
			};
			name = Release;
		};
/* End XCBuildConfiguration section */

/* Begin XCConfigurationList section */
		E502C99A2178670B007CF4BF /* Build configuration list for PBXProject "Swifty_Companion" */ = {
			isa = XCConfigurationList;
			buildConfigurations = (
				E502C9B22178670D007CF4BF /* Debug */,
				E502C9B32178670D007CF4BF /* Release */,
			);
			defaultConfigurationIsVisible = 0;
			defaultConfigurationName = Release;
		};
		E502C9B42178670D007CF4BF /* Build configuration list for PBXNativeTarget "Swifty_Companion" */ = {
			isa = XCConfigurationList;
			buildConfigurations = (
				E502C9B52178670D007CF4BF /* Debug */,
				E502C9B62178670D007CF4BF /* Release */,
			);
			defaultConfigurationIsVisible = 0;
			defaultConfigurationName = Release;
		};
/* End XCConfigurationList section */

/* Begin XCVersionGroup section */
		E502C9A92178670B007CF4BF /* Swifty_Companion.xcdatamodeld */ = {
			isa = XCVersionGroup;
			children = (
				E502C9AA2178670B007CF4BF /* Swifty_Companion.xcdatamodel */,
			);
			currentVersion = E502C9AA2178670B007CF4BF /* Swifty_Companion.xcdatamodel */;
			path = Swifty_Companion.xcdatamodeld;
			sourceTree = "<group>";
			versionGroupType = wrapper.xcdatamodel;
		};
/* End XCVersionGroup section */
	};
	rootObject = E502C9972178670B007CF4BF /* Project object */;
}
